Microsoft Visual Studio Solution File, Format Version 12.00
# Visual Studio Version 17
VisualStudioVersion = 17.5.2.0
MinimumVisualStudioVersion = 10.0.40219.1
Project("{FAE04EC0-301F-11D3-BF4B-00C04F79EFBC}") = "CmlLib-Minecraft-Launcher", "CmlLib-Minecraft-Launcher.csproj", "{3C720C6D-FBD0-4219-F9E8-5E3F32261169}"
EndProject
Global
	GlobalSection(SolutionConfigurationPlatforms) = preSolution
		Debug|Any CPU = Debug|Any CPU
		Release|Any CPU = Release|Any CPU
	EndGlobalSection
	GlobalSection(ProjectConfigurationPlatforms) = postSolution
		{3C720C6D-FBD0-4219-F9E8-5E3F32261169}.Debug|Any CPU.ActiveCfg = Debug|Any CPU
		{3C720C6D-FBD0-4219-F9E8-5E3F32261169}.Debug|Any CPU.Build.0 = Debug|Any CPU
		{3C720C6D-FBD0-4219-F9E8-5E3F32261169}.Release|Any CPU.ActiveCfg = Release|Any CPU
		{3C720C6D-FBD0-4219-F9E8-5E3F32261169}.Release|Any CPU.Build.0 = Release|Any CPU
	EndGlobalSection
	GlobalSection(SolutionProperties) = preSolution
		HideSolutionNode = FALSE
	EndGlobalSection
	GlobalSection(ExtensibilityGlobals) = postSolution
		SolutionGuid = {AA9606E7-CC8E-4434-BD4B-48D5A19D5DB5}
	EndGlobalSection
EndGlobal
